eclipse-temurin:17-jre-jammy@sha256:89e68b9bb83713510b63e2059a415792a7fc77e14b739a7d7ede97f6d9ca2c38
nginx:stable-alpine@sha256:97d490c12ba55b4946b01546d1c3ed324e8d41ab1c9fcb2a616aa470620e5b46
certbot/certbot:v5.7.0@sha256:34ee91d2f43008eb78a007d22f23ed4b2eaa9a454cb27ca2c042b49527a695b4
postgres:16.14-alpine3.24@sha256:57c72fd2a128e416c7fcc499958864df5301e940bca0a56f58fddf30ffc07777
